name: Update flake.lock

on:
  schedule:
    - cron: '0 0 * * *' # Runs daily at midnight UTC
  workflow_dispatch: # Allows manual triggering

jobs:
  update:
    runs-on: ubuntu-latest
    steps:
      - name: Checkout repository
        uses: actions/checkout@v4

      - name: Set up Nix
        uses: cachix/install-nix-action@v26
        with:
          install_url: https://releases.nixos.org/nix/nix-2.15.3/install

      - name: Update flake.lock
        run: nix flake update

      - name: Commit and push changes
        run: |
          git config --global user.name "github-actions[bot]"
          git config --global user.email "41898282+github-actions[bot]@users.noreply.github.com"
          git add flake.lock
          git commit -m "chore: update flake.lock" || exit 0
          git push
